
Microsoft Visual Studio Solution File, Format Version 12.00
# Visual Studio Version 17
VisualStudioVersion = 17.7.34024.191
MinimumVisualStudioVersion = 10.0.40219.1
Project("{FAE04EC0-301F-11D3-BF4B-00C04F79EFBC}") = "HeightmapTerrainStarter", "heightmap-terrain-starter\HeightmapTerrainStarter.csproj", "{13A9C90B-CFFA-4416-AB7A-EBA44ACD107B}"
EndProject
Global
	GlobalSection(SolutionConfigurationPlatforms) = preSolution
		Debug|Any CPU = Debug|Any CPU
		Release|Any CPU = Release|Any CPU
	EndGlobalSection
	GlobalSection(ProjectConfigurationPlatforms) = postSolution
		{13A9C90B-CFFA-4416-AB7A-EBA44ACD107B}.Debug|Any CPU.ActiveCfg = Debug|Any CPU
		{13A9C90B-CFFA-4416-AB7A-EBA44ACD107B}.Debug|Any CPU.Build.0 = Debug|Any CPU
		{13A9C90B-CFFA-4416-AB7A-EBA44ACD107B}.Release|Any CPU.ActiveCfg = Release|Any CPU
		{13A9C90B-CFFA-4416-AB7A-EBA44ACD107B}.Release|Any CPU.Build.0 = Release|Any CPU
	EndGlobalSection
	GlobalSection(SolutionProperties) = preSolution
		HideSolutionNode = FALSE
	EndGlobalSection
	GlobalSection(ExtensibilityGlobals) = postSolution
		SolutionGuid = {7A4DE2E0-A08A-4DAC-AF17-77C98FC1C2A6}
	EndGlobalSection
EndGlobal
